# THIS IS AN AUTOGENERATED FILE. DO NOT EDIT THIS FILE DIRECTLY.
# yarn lockfile v1


"bats@https://github.com/sstephenson/bats":
  version "0.4.0"
  resolved "https://github.com/sstephenson/bats#03608115df2071fff4eaaff1605768c275e5f81f"

"impac-angular@git+https://git@github.com/maestrano/impac-angular.git#1.5.x":
  version "1.5.2"
  resolved "git+https://git@github.com/maestrano/impac-angular.git#846e9831e52a469698f8a9bb2bc83b5c5f7b6660"

"mno-enterprise-angular@git+https://git@github.com/maestrano/mno-enterprise-angular.git#2.0":
  version "1.1.0"
  resolved "git+https://git@github.com/maestrano/mno-enterprise-angular.git#1f8570089d6a31aee89706429dd4553000b6d7ff"

"mnoe-admin-panel@git+https://git@github.com/maestrano/mnoe-admin-panel.git#2.0":
  version "1.0.0"
  resolved "git+https://git@github.com/maestrano/mnoe-admin-panel.git#378ea4389d84008a36fe788d3940a6acacfafb00"
