# THIS IS AN AUTOGENERATED FILE. DO NOT EDIT THIS FILE DIRECTLY.
# yarn lockfile v1


"bats@https://github.com/sstephenson/bats":
  version "0.4.0"
  resolved "https://github.com/sstephenson/bats#03608115df2071fff4eaaff1605768c275e5f81f"

"impac-angular@git+https://git@github.com/maestrano/impac-angular.git#1.5.x":
  version "1.5.8"
  resolved "git+https://git@github.com/maestrano/impac-angular.git#eba29d136171cc434b42e7b507775b6b24e3e6ef"

"mno-enterprise-angular@git+https://git@github.com/maestrano/mno-enterprise-angular.git#2.0":
  version "2.0.0-dev"
  resolved "git+https://git@github.com/maestrano/mno-enterprise-angular.git#e80a28d2ec511f9d6675748af703ca17fd735e1c"

"mnoe-admin-panel@git+https://git@github.com/maestrano/mnoe-admin-panel.git#2.0":
  version "2.0.0-dev"
  resolved "git+https://git@github.com/maestrano/mnoe-admin-panel.git#a0f0a1f2b2e4363df841d167cdf6d1bcc937d5cc"
